
Microsoft Visual Studio Solution File, Format Version 12.00
# Visual Studio 2012
# SharpDevelop 5.1
VisualStudioVersion = 12.0.20827.3
MinimumVisualStudioVersion = 10.0.40219.1
Project("{FAE04EC0-301F-11D3-BF4B-00C04F79EFBC}") = "SpringsUI", "SpringsUI.csproj", "{8895D264-2D31-43BB-AA50-D4240EA1222C}"
EndProject
Project("{FAE04EC0-301F-11D3-BF4B-00C04F79EFBC}") = "SpringsUIzt", "SpringsUIzt\SpringsUIzt.csproj", "{5072ED16-61E6-4082-9912-D2CEEA08B7AF}"
EndProject
Global
	GlobalSection(SolutionConfigurationPlatforms) = preSolution
		Debug|Any CPU = Debug|Any CPU
		Release|Any CPU = Release|Any CPU
	EndGlobalSection
	GlobalSection(ProjectConfigurationPlatforms) = postSolution
		{8895D264-2D31-43BB-AA50-D4240EA1222C}.Debug|Any CPU.ActiveCfg = Debug|Any CPU
		{8895D264-2D31-43BB-AA50-D4240EA1222C}.Debug|Any CPU.Build.0 = Debug|Any CPU
		{8895D264-2D31-43BB-AA50-D4240EA1222C}.Release|Any CPU.ActiveCfg = Release|Any CPU
		{8895D264-2D31-43BB-AA50-D4240EA1222C}.Release|Any CPU.Build.0 = Release|Any CPU
		{5072ED16-61E6-4082-9912-D2CEEA08B7AF}.Debug|Any CPU.ActiveCfg = Debug|Any CPU
		{5072ED16-61E6-4082-9912-D2CEEA08B7AF}.Debug|Any CPU.Build.0 = Debug|Any CPU
		{5072ED16-61E6-4082-9912-D2CEEA08B7AF}.Release|Any CPU.ActiveCfg = Release|Any CPU
		{5072ED16-61E6-4082-9912-D2CEEA08B7AF}.Release|Any CPU.Build.0 = Release|Any CPU
	EndGlobalSection
EndGlobal
